
Microsoft Visual Studio Solution File, Format Version 12.00
# Visual Studio Version 17
VisualStudioVersion = 17.7.34009.444
MinimumVisualStudioVersion = 10.0.40219.1
Project("{FAE04EC0-301F-11D3-BF4B-00C04F79EFBC}") = "SistemaInventarioV7", "SistemaInventarioV7\SistemaInventarioV7.csproj", "{BD7692A0-CD01-4179-8B61-C5794933DB0F}"
EndProject
Global
	GlobalSection(SolutionConfigurationPlatforms) = preSolution
		Debug|Any CPU = Debug|Any CPU
		Release|Any CPU = Release|Any CPU
	EndGlobalSection
	GlobalSection(ProjectConfigurationPlatforms) = postSolution
		{BD7692A0-CD01-4179-8B61-C5794933DB0F}.Debug|Any CPU.ActiveCfg = Debug|Any CPU
		{BD7692A0-CD01-4179-8B61-C5794933DB0F}.Debug|Any CPU.Build.0 = Debug|Any CPU
		{BD7692A0-CD01-4179-8B61-C5794933DB0F}.Release|Any CPU.ActiveCfg = Release|Any CPU
		{BD7692A0-CD01-4179-8B61-C5794933DB0F}.Release|Any CPU.Build.0 = Release|Any CPU
	EndGlobalSection
	GlobalSection(SolutionProperties) = preSolution
		HideSolutionNode = FALSE
	EndGlobalSection
	GlobalSection(ExtensibilityGlobals) = postSolution
		SolutionGuid = {6B3DD3B9-4A23-4838-A525-EEF2C3AF833E}
	EndGlobalSection
EndGlobal
